
Microsoft Visual Studio Solution File, Format Version 12.00
# Visual Studio Version 17
VisualStudioVersion = 17.0.31903.59
MinimumVisualStudioVersion = 10.0.40219.1
Project("{2150E333-8FDC-42A3-9474-1A3956D46DE8}") = "src", "src", "{827E0CD3-B72D-47B6-A68D-7590B98EB39B}"
EndProject
Project("{FAE04EC0-301F-11D3-BF4B-00C04F79EFBC}") = "Symphact.Core", "src\Symphact.Core\Symphact.Core.csproj", "{10A11E42-B9CE-4A86-A93E-C1FFBC8D880D}"
EndProject
Project("{2150E333-8FDC-42A3-9474-1A3956D46DE8}") = "tests", "tests", "{0AB3BF05-4346-4AA6-1389-037BE0695223}"
EndProject
Project("{FAE04EC0-301F-11D3-BF4B-00C04F79EFBC}") = "Symphact.Core.Tests", "tests\Symphact.Core.Tests\Symphact.Core.Tests.csproj", "{E4572DDA-EE8C-4950-AC8F-2B9D50BE17C4}"
EndProject
Project("{FAE04EC0-301F-11D3-BF4B-00C04F79EFBC}") = "Symphact.Platform.DotNet", "src\Symphact.Platform.DotNet\Symphact.Platform.DotNet.csproj", "{3441ADAB-3BBE-400F-A893-9DCB26F4EBC1}"
EndProject
Project("{FAE04EC0-301F-11D3-BF4B-00C04F79EFBC}") = "Symphact.Platform.Cfpu", "src\Symphact.Platform.Cfpu\Symphact.Platform.Cfpu.csproj", "{5609348C-0E57-4B20-8AC2-37F9BAF38808}"
EndProject
Project("{FAE04EC0-301F-11D3-BF4B-00C04F79EFBC}") = "Symphact.Platform.DotNet.Tests", "tests\Symphact.Platform.DotNet.Tests\Symphact.Platform.DotNet.Tests.csproj", "{ABF6384B-7C34-497C-A67F-1C7836A57466}"
EndProject
Project("{2150E333-8FDC-42A3-9474-1A3956D46DE8}") = "SolutionFolder", "SolutionFolder", "{2A6E2B2B-30F3-4EAC-8767-D9DFEBF8FBA9}"
	ProjectSection(SolutionItems) = preProject
		README-hu.md = README-hu.md
		README.md = README.md
		CLAUDE.md = CLAUDE.md
		CONTRIBUTING-hu.md = CONTRIBUTING-hu.md
		CONTRIBUTING.md = CONTRIBUTING.md
		Directory.Build.props = Directory.Build.props
		LICENSE = LICENSE
		NOTICE = NOTICE
	EndProjectSection
EndProject
Global
	GlobalSection(SolutionConfigurationPlatforms) = preSolution
		Debug|Any CPU = Debug|Any CPU
		Debug|x64 = Debug|x64
		Debug|x86 = Debug|x86
		Release|Any CPU = Release|Any CPU
		Release|x64 = Release|x64
		Release|x86 = Release|x86
	EndGlobalSection
	GlobalSection(ProjectConfigurationPlatforms) = postSolution
		{10A11E42-B9CE-4A86-A93E-C1FFBC8D880D}.Debug|Any CPU.ActiveCfg = Debug|Any CPU
		{10A11E42-B9CE-4A86-A93E-C1FFBC8D880D}.Debug|Any CPU.Build.0 = Debug|Any CPU
		{10A11E42-B9CE-4A86-A93E-C1FFBC8D880D}.Debug|x64.ActiveCfg = Debug|Any CPU
		{10A11E42-B9CE-4A86-A93E-C1FFBC8D880D}.Debug|x64.Build.0 = Debug|Any CPU
		{10A11E42-B9CE-4A86-A93E-C1FFBC8D880D}.Debug|x86.ActiveCfg = Debug|Any CPU
		{10A11E42-B9CE-4A86-A93E-C1FFBC8D880D}.Debug|x86.Build.0 = Debug|Any CPU
		{10A11E42-B9CE-4A86-A93E-C1FFBC8D880D}.Release|Any CPU.ActiveCfg = Release|Any CPU
		{10A11E42-B9CE-4A86-A93E-C1FFBC8D880D}.Release|Any CPU.Build.0 = Release|Any CPU
		{10A11E42-B9CE-4A86-A93E-C1FFBC8D880D}.Release|x64.ActiveCfg = Release|Any CPU
		{10A11E42-B9CE-4A86-A93E-C1FFBC8D880D}.Release|x64.Build.0 = Release|Any CPU
		{10A11E42-B9CE-4A86-A93E-C1FFBC8D880D}.Release|x86.ActiveCfg = Release|Any CPU
		{10A11E42-B9CE-4A86-A93E-C1FFBC8D880D}.Release|x86.Build.0 = Release|Any CPU
		{E4572DDA-EE8C-4950-AC8F-2B9D50BE17C4}.Debug|Any CPU.ActiveCfg = Debug|Any CPU
		{E4572DDA-EE8C-4950-AC8F-2B9D50BE17C4}.Debug|Any CPU.Build.0 = Debug|Any CPU
		{E4572DDA-EE8C-4950-AC8F-2B9D50BE17C4}.Debug|x64.ActiveCfg = Debug|Any CPU
		{E4572DDA-EE8C-4950-AC8F-2B9D50BE17C4}.Debug|x64.Build.0 = Debug|Any CPU
		{E4572DDA-EE8C-4950-AC8F-2B9D50BE17C4}.Debug|x86.ActiveCfg = Debug|Any CPU
		{E4572DDA-EE8C-4950-AC8F-2B9D50BE17C4}.Debug|x86.Build.0 = Debug|Any CPU
		{E4572DDA-EE8C-4950-AC8F-2B9D50BE17C4}.Release|Any CPU.ActiveCfg = Release|Any CPU
		{E4572DDA-EE8C-4950-AC8F-2B9D50BE17C4}.Release|Any CPU.Build.0 = Release|Any CPU
		{E4572DDA-EE8C-4950-AC8F-2B9D50BE17C4}.Release|x64.ActiveCfg = Release|Any CPU
		{E4572DDA-EE8C-4950-AC8F-2B9D50BE17C4}.Release|x64.Build.0 = Release|Any CPU
		{E4572DDA-EE8C-4950-AC8F-2B9D50BE17C4}.Release|x86.ActiveCfg = Release|Any CPU
		{E4572DDA-EE8C-4950-AC8F-2B9D50BE17C4}.Release|x86.Build.0 = Release|Any CPU
		{3441ADAB-3BBE-400F-A893-9DCB26F4EBC1}.Debug|Any CPU.ActiveCfg = Debug|Any CPU
		{3441ADAB-3BBE-400F-A893-9DCB26F4EBC1}.Debug|Any CPU.Build.0 = Debug|Any CPU
		{3441ADAB-3BBE-400F-A893-9DCB26F4EBC1}.Debug|x64.ActiveCfg = Debug|Any CPU
		{3441ADAB-3BBE-400F-A893-9DCB26F4EBC1}.Debug|x64.Build.0 = Debug|Any CPU
		{3441ADAB-3BBE-400F-A893-9DCB26F4EBC1}.Debug|x86.ActiveCfg = Debug|Any CPU
		{3441ADAB-3BBE-400F-A893-9DCB26F4EBC1}.Debug|x86.Build.0 = Debug|Any CPU
		{3441ADAB-3BBE-400F-A893-9DCB26F4EBC1}.Release|Any CPU.ActiveCfg = Release|Any CPU
		{3441ADAB-3BBE-400F-A893-9DCB26F4EBC1}.Release|Any CPU.Build.0 = Release|Any CPU
		{3441ADAB-3BBE-400F-A893-9DCB26F4EBC1}.Release|x64.ActiveCfg = Release|Any CPU
		{3441ADAB-3BBE-400F-A893-9DCB26F4EBC1}.Release|x64.Build.0 = Release|Any CPU
		{3441ADAB-3BBE-400F-A893-9DCB26F4EBC1}.Release|x86.ActiveCfg = Release|Any CPU
		{3441ADAB-3BBE-400F-A893-9DCB26F4EBC1}.Release|x86.Build.0 = Release|Any CPU
		{5609348C-0E57-4B20-8AC2-37F9BAF38808}.Debug|Any CPU.ActiveCfg = Debug|Any CPU
		{5609348C-0E57-4B20-8AC2-37F9BAF38808}.Debug|Any CPU.Build.0 = Debug|Any CPU
		{5609348C-0E57-4B20-8AC2-37F9BAF38808}.Debug|x64.ActiveCfg = Debug|Any CPU
		{5609348C-0E57-4B20-8AC2-37F9BAF38808}.Debug|x64.Build.0 = Debug|Any CPU
		{5609348C-0E57-4B20-8AC2-37F9BAF38808}.Debug|x86.ActiveCfg = Debug|Any CPU
		{5609348C-0E57-4B20-8AC2-37F9BAF38808}.Debug|x86.Build.0 = Debug|Any CPU
		{5609348C-0E57-4B20-8AC2-37F9BAF38808}.Release|Any CPU.ActiveCfg = Release|Any CPU
		{5609348C-0E57-4B20-8AC2-37F9BAF38808}.Release|Any CPU.Build.0 = Release|Any CPU
		{5609348C-0E57-4B20-8AC2-37F9BAF38808}.Release|x64.ActiveCfg = Release|Any CPU
		{5609348C-0E57-4B20-8AC2-37F9BAF38808}.Release|x64.Build.0 = Release|Any CPU
		{5609348C-0E57-4B20-8AC2-37F9BAF38808}.Release|x86.ActiveCfg = Release|Any CPU
		{5609348C-0E57-4B20-8AC2-37F9BAF38808}.Release|x86.Build.0 = Release|Any CPU
		{ABF6384B-7C34-497C-A67F-1C7836A57466}.Debug|Any CPU.ActiveCfg = Debug|Any CPU
		{ABF6384B-7C34-497C-A67F-1C7836A57466}.Debug|Any CPU.Build.0 = Debug|Any CPU
		{ABF6384B-7C34-497C-A67F-1C7836A57466}.Debug|x64.ActiveCfg = Debug|Any CPU
		{ABF6384B-7C34-497C-A67F-1C7836A57466}.Debug|x64.Build.0 = Debug|Any CPU
		{ABF6384B-7C34-497C-A67F-1C7836A57466}.Debug|x86.ActiveCfg = Debug|Any CPU
		{ABF6384B-7C34-497C-A67F-1C7836A57466}.Debug|x86.Build.0 = Debug|Any CPU
		{ABF6384B-7C34-497C-A67F-1C7836A57466}.Release|Any CPU.ActiveCfg = Release|Any CPU
		{ABF6384B-7C34-497C-A67F-1C7836A57466}.Release|Any CPU.Build.0 = Release|Any CPU
		{ABF6384B-7C34-497C-A67F-1C7836A57466}.Release|x64.ActiveCfg = Release|Any CPU
		{ABF6384B-7C34-497C-A67F-1C7836A57466}.Release|x64.Build.0 = Release|Any CPU
		{ABF6384B-7C34-497C-A67F-1C7836A57466}.Release|x86.ActiveCfg = Release|Any CPU
		{ABF6384B-7C34-497C-A67F-1C7836A57466}.Release|x86.Build.0 = Release|Any CPU
	EndGlobalSection
	GlobalSection(SolutionProperties) = preSolution
		HideSolutionNode = FALSE
	EndGlobalSection
	GlobalSection(NestedProjects) = preSolution
		{10A11E42-B9CE-4A86-A93E-C1FFBC8D880D} = {827E0CD3-B72D-47B6-A68D-7590B98EB39B}
		{E4572DDA-EE8C-4950-AC8F-2B9D50BE17C4} = {0AB3BF05-4346-4AA6-1389-037BE0695223}
		{3441ADAB-3BBE-400F-A893-9DCB26F4EBC1} = {827E0CD3-B72D-47B6-A68D-7590B98EB39B}
		{5609348C-0E57-4B20-8AC2-37F9BAF38808} = {827E0CD3-B72D-47B6-A68D-7590B98EB39B}
		{ABF6384B-7C34-497C-A67F-1C7836A57466} = {0AB3BF05-4346-4AA6-1389-037BE0695223}
	EndGlobalSection
EndGlobal
